// !$*UTF8*$!
{
	archiveVersion = 1;
	classes = {
	};
	objectVersion = 46;
	objects = {

/* Begin PBXBuildFile section */
		4A489F3D1A80D3D000EBDFAB /* AppDelegate.swift in Sources */ = {isa = PBXBuildFile; fileRef = 4A489F3C1A80D3D000EBDFAB /* AppDelegate.swift */; };
		4A489F3F1A80D3D000EBDFAB /* ViewController.swift in Sources */ = {isa = PBXBuildFile; fileRef = 4A489F3E1A80D3D000EBDFAB /* ViewController.swift */; };
		4A489F421A80D3D000EBDFAB /* Main.storyboard in Resources */ = {isa = PBXBuildFile; fileRef = 4A489F401A80D3D000EBDFAB /* Main.storyboard */; };
		4A489F441A80D3D000EBDFAB /* Images.xcassets in Resources */ = {isa = PBXBuildFile; fileRef = 4A489F431A80D3D000EBDFAB /* Images.xcassets */; };
		4A489F471A80D3D000EBDFAB /* LaunchScreen.xib in Resources */ = {isa = PBXBuildFile; fileRef = 4A489F451A80D3D000EBDFAB /* LaunchScreen.xib */; };
		4A489F531A80D3D000EBDFAB /* High_LowTests.swift in Sources */ = {isa = PBXBuildFile; fileRef = 4A489F521A80D3D000EBDFAB /* High_LowTests.swift */; };
/* End PBXBuildFile section */

/* Begin PBXContainerItemProxy section */
		4A489F4D1A80D3D000EBDFAB /* PBXContainerItemProxy */ = {
			isa = PBXContainerItemProxy;
			containerPortal = 4A489F2F1A80D3D000EBDFAB /* Project object */;
			proxyType = 1;
			remoteGlobalIDString = 4A489F361A80D3D000EBDFAB;
			remoteInfo = "High-Low";
		};
/* End PBXContainerItemProxy section */

/* Begin PBXFileReference section */
		4A489F371A80D3D000EBDFAB /* High-Low.app */ = {isa = PBXFileReference; explicitFileType = wrapper.application; includeInIndex = 0; path = "High-Low.app"; sourceTree = BUILT_PRODUCTS_DIR; };
		4A489F3B1A80D3D000EBDFAB /* Info.plist */ = {isa = PBXFileReference; lastKnownFileType = text.plist.xml; path = Info.plist; sourceTree = "<group>"; };
		4A489F3C1A80D3D000EBDFAB /* AppDelegate.swift */ = {isa = PBXFileReference; lastKnownFileType = sourcecode.swift; path = AppDelegate.swift; sourceTree = "<group>"; };
		4A489F3E1A80D3D000EBDFAB /* ViewController.swift */ = {isa = PBXFileReference; lastKnownFileType = sourcecode.swift; path = ViewController.swift; sourceTree = "<group>"; };
		4A489F411A80D3D000EBDFAB /* Base */ = {isa = PBXFileReference; lastKnownFileType = file.storyboard; name = Base; path = Base.lproj/Main.storyboard; sourceTree = "<group>"; };
		4A489F431A80D3D000EBDFAB /* Images.xcassets */ = {isa = PBXFileReference; lastKnownFileType = folder.assetcatalog; path = Images.xcassets; sourceTree = "<group>"; };
		4A489F461A80D3D000EBDFAB /* Base */ = {isa = PBXFileReference; lastKnownFileType = file.xib; name = Base; path = Base.lproj/LaunchScreen.xib; sourceTree = "<group>"; };
		4A489F4C1A80D3D000EBDFAB /* High-LowTests.xctest */ = {isa = PBXFileReference; explicitFileType = wrapper.cfbundle; includeInIndex = 0; path = "High-LowTests.xctest"; sourceTree = BUILT_PRODUCTS_DIR; };
		4A489F511A80D3D000EBDFAB /* Info.plist */ = {isa = PBXFileReference; lastKnownFileType = text.plist.xml; path = Info.plist; sourceTree = "<group>"; };
		4A489F521A80D3D000EBDFAB /* High_LowTests.swift */ = {isa = PBXFileReference; lastKnownFileType = sourcecode.swift; path = High_LowTests.swift; sourceTree = "<group>"; };
/* End PBXFileReference section */

/* Begin PBXFrameworksBuildPhase section */
		4A489F341A80D3D000EBDFAB /* Frameworks */ = {
			isa = PBXFrameworksBuildPhase;
			buildActionMask = 2147483647;
			files = (
			);
			runOnlyForDeploymentPostprocessing = 0;
		};
		4A489F491A80D3D000EBDFAB /* Frameworks */ = {
			isa = PBXFrameworksBuildPhase;
			buildActionMask = 2147483647;
			files = (
			);
			runOnlyForDeploymentPostprocessing = 0;
		};
/* End PBXFrameworksBuildPhase section */

/* Begin PBXGroup section */
		4A489F2E1A80D3D000EBDFAB = {
			isa = PBXGroup;
			children = (
				4A489F391A80D3D000EBDFAB /* High-Low */,
				4A489F4F1A80D3D000EBDFAB /* High-LowTests */,
				4A489F381A80D3D000EBDFAB /* Products */,
			);
			sourceTree = "<group>";
		};
		4A489F381A80D3D000EBDFAB /* Products */ = {
			isa = PBXGroup;
			children = (
				4A489F371A80D3D000EBDFAB /* High-Low.app */,
				4A489F4C1A80D3D000EBDFAB /* High-LowTests.xctest */,
			);
			name = Products;
			sourceTree = "<group>";
		};
		4A489F391A80D3D000EBDFAB /* High-Low */ = {
			isa = PBXGroup;
			children = (
				4A489F3C1A80D3D000EBDFAB /* AppDelegate.swift */,
				4A489F3E1A80D3D000EBDFAB /* ViewController.swift */,
				4A489F401A80D3D000EBDFAB /* Main.storyboard */,
				4A489F431A80D3D000EBDFAB /* Images.xcassets */,
				4A489F451A80D3D000EBDFAB /* LaunchScreen.xib */,
				4A489F3A1A80D3D000EBDFAB /* Supporting Files */,
			);
			path = "High-Low";
			sourceTree = "<group>";
		};
		4A489F3A1A80D3D000EBDFAB /* Supporting Files */ = {
			isa = PBXGroup;
			children = (
				4A489F3B1A80D3D000EBDFAB /* Info.plist */,
			);
			name = "Supporting Files";
			sourceTree = "<group>";
		};
		4A489F4F1A80D3D000EBDFAB /* High-LowTests */ = {
			isa = PBXGroup;
			children = (
				4A489F521A80D3D000EBDFAB /* High_LowTests.swift */,
				4A489F501A80D3D000EBDFAB /* Supporting Files */,
			);
			path = "High-LowTests";
			sourceTree = "<group>";
		};
		4A489F501A80D3D000EBDFAB /* Supporting Files */ = {
			isa = PBXGroup;
			children = (
				4A489F511A80D3D000EBDFAB /* Info.plist */,
			);
			name = "Supporting Files";
			sourceTree = "<group>";
		};
/* End PBXGroup section */

/* Begin PBXNativeTarget section */
		4A489F361A80D3D000EBDFAB /* High-Low */ = {
			isa = PBXNativeTarget;
			buildConfigurationList = 4A489F561A80D3D000EBDFAB /* Build configuration list for PBXNativeTarget "High-Low" */;
			buildPhases = (
				4A489F331A80D3D000EBDFAB /* Sources */,
				4A489F341A80D3D000EBDFAB /* Frameworks */,
				4A489F351A80D3D000EBDFAB /* Resources */,
			);
			buildRules = (
			);
			dependencies = (
			);
			name = "High-Low";
			productName = "High-Low";
			productReference = 4A489F371A80D3D000EBDFAB /* High-Low.app */;
			productType = "com.apple.product-type.application";
		};
		4A489F4B1A80D3D000EBDFAB /* High-LowTests */ = {
			isa = PBXNativeTarget;
			buildConfigurationList = 4A489F591A80D3D000EBDFAB /* Build configuration list for PBXNativeTarget "High-LowTests" */;
			buildPhases = (
				4A489F481A80D3D000EBDFAB /* Sources */,
				4A489F491A80D3D000EBDFAB /* Frameworks */,
				4A489F4A1A80D3D000EBDFAB /* Resources */,
			);
			buildRules = (
			);
			dependencies = (
				4A489F4E1A80D3D000EBDFAB /* PBXTargetDependency */,
			);
			name = "High-LowTests";
			productName = "High-LowTests";
			productReference = 4A489F4C1A80D3D000EBDFAB /* High-LowTests.xctest */;
			productType = "com.apple.product-type.bundle.unit-test";
		};
/* End PBXNativeTarget section */

/* Begin PBXProject section */
		4A489F2F1A80D3D000EBDFAB /* Project object */ = {
			isa = PBXProject;
			attributes = {
				LastSwiftMigration = 0700;
				LastSwiftUpdateCheck = 0700;
				LastUpgradeCheck = 0610;
				ORGANIZATIONNAME = "Ken Tominaga";
				TargetAttributes = {
					4A489F361A80D3D000EBDFAB = {
						CreatedOnToolsVersion = 6.1.1;
						LastSwiftMigration = 0800;
					};
					4A489F4B1A80D3D000EBDFAB = {
						CreatedOnToolsVersion = 6.1.1;
						LastSwiftMigration = 0800;
						TestTargetID = 4A489F361A80D3D000EBDFAB;
					};
				};
			};
			buildConfigurationList = 4A489F321A80D3D000EBDFAB /* Build configuration list for PBXProject "High-Low" */;
			compatibilityVersion = "Xcode 3.2";
			developmentRegion = English;
			hasScannedForEncodings = 0;
			knownRegions = (
				en,
				Base,
			);
			mainGroup = 4A489F2E1A80D3D000EBDFAB;
			productRefGroup = 4A489F381A80D3D000EBDFAB /* Products */;
			projectDirPath = "";
			projectRoot = "";
			targets = (
				4A489F361A80D3D000EBDFAB /* High-Low */,
				4A489F4B1A80D3D000EBDFAB /* High-LowTests */,
			);
		};
/* End PBXProject section */

/* Begin PBXResourcesBuildPhase section */
		4A489F351A80D3D000EBDFAB /* Resources */ = {
			isa = PBXResourcesBuildPhase;
			buildActionMask = 2147483647;
			files = (
				4A489F421A80D3D000EBDFAB /* Main.storyboard in Resources */,
				4A489F471A80D3D000EBDFAB /* LaunchScreen.xib in Resources */,
				4A489F441A80D3D000EBDFAB /* Images.xcassets in Resources */,
			);
			runOnlyForDeploymentPostprocessing = 0;
		};
		4A489F4A1A80D3D000EBDFAB /* Resources */ = {
			isa = PBXResourcesBuildPhase;
			buildActionMask = 2147483647;
			files = (
			);
			runOnlyForDeploymentPostprocessing = 0;
		};
/* End PBXResourcesBuildPhase section */

/* Begin PBXSourcesBuildPhase section */
		4A489F331A80D3D000EBDFAB /* Sources */ = {
			isa = PBXSourcesBuildPhase;
			buildActionMask = 2147483647;
			files = (
				4A489F3F1A80D3D000EBDFAB /* ViewController.swift in Sources */,
				4A489F3D1A80D3D000EBDFAB /* AppDelegate.swift in Sources */,
			);
			runOnlyForDeploymentPostprocessing = 0;
		};
		4A489F481A80D3D000EBDFAB /* Sources */ = {
			isa = PBXSourcesBuildPhase;
			buildActionMask = 2147483647;
			files = (
				4A489F531A80D3D000EBDFAB /* High_LowTests.swift in Sources */,
			);
			runOnlyForDeploymentPostprocessing = 0;
		};
/* End PBXSourcesBuildPhase section */

/* Begin PBXTargetDependency section */
		4A489F4E1A80D3D000EBDFAB /* PBXTargetDependency */ = {
			isa = PBXTargetDependency;
			target = 4A489F361A80D3D000EBDFAB /* High-Low */;
			targetProxy = 4A489F4D1A80D3D000EBDFAB /* PBXContainerItemProxy */;
		};
/* End PBXTargetDependency section */

/* Begin PBXVariantGroup section */
		4A489F401A80D3D000EBDFAB /* Main.storyboard */ = {
			isa = PBXVariantGroup;
			children = (
				4A489F411A80D3D000EBDFAB /* Base */,
			);
			name = Main.storyboard;
			sourceTree = "<group>";
		};
		4A489F451A80D3D000EBDFAB /* LaunchScreen.xib */ = {
			isa = PBXVariantGroup;
			children = (
				4A489F461A80D3D000EBDFAB /* Base */,
			);
			name = LaunchScreen.xib;
			sourceTree = "<group>";
		};
/* End PBXVariantGroup section */

/* Begin XCBuildConfiguration section */
		4A489F541A80D3D000EBDFAB /* Debug */ = {
			isa = XCBuildConfiguration;
			buildSettings = {
				ALWAYS_SEARCH_USER_PATHS = NO;
				CLANG_CXX_LANGUAGE_STANDARD = "gnu++0x";
				CLANG_CXX_LIBRARY = "libc++";
				CLANG_ENABLE_MODULES = YES;
				CLANG_ENABLE_OBJC_ARC = YES;
				CLANG_WARN_BOOL_CONVERSION = YES;
				CLANG_WARN_CONSTANT_CONVERSION = YES;
				CLANG_WARN_DIRECT_OBJC_ISA_USAGE = YES_ERROR;
				CLANG_WARN_EMPTY_BODY = YES;
				CLANG_WARN_ENUM_CONVERSION = YES;
				CLANG_WARN_INT_CONVERSION = YES;
				CLANG_WARN_OBJC_ROOT_CLASS = YES_ERROR;
				CLANG_WARN_UNREACHABLE_CODE = YES;
				CLANG_WARN__DUPLICATE_METHOD_MATCH = YES;
				"CODE_SIGN_IDENTITY[sdk=iphoneos*]" = "iPhone Developer";
				COPY_PHASE_STRIP = NO;
				ENABLE_STRICT_OBJC_MSGSEND = YES;
				GCC_C_LANGUAGE_STANDARD = gnu99;
				GCC_DYNAMIC_NO_PIC = NO;
				GCC_OPTIMIZATION_LEVEL = 0;
				GCC_PREPROCESSOR_DEFINITIONS = (
					"DEBUG=1",
					"$(inherited)",
				);
				GCC_SYMBOLS_PRIVATE_EXTERN = NO;
				GCC_WARN_64_TO_32_BIT_CONVERSION = YES;
				GCC_WARN_ABOUT_RETURN_TYPE = YES_ERROR;
				GCC_WARN_UNDECLARED_SELECTOR = YES;
				GCC_WARN_UNINITIALIZED_AUTOS = YES_AGGRESSIVE;
				GCC_WARN_UNUSED_FUNCTION = YES;
				GCC_WARN_UNUSED_VARIABLE = YES;
				IPHONEOS_DEPLOYMENT_TARGET = 8.1;
				MTL_ENABLE_DEBUG_INFO = YES;
				ONLY_ACTIVE_ARCH = YES;
				SDKROOT = iphoneos;
				SWIFT_OPTIMIZATION_LEVEL = "-Onone";
			};
			name = Debug;
		};
		4A489F551A80D3D000EBDFAB /* Release */ = {
			isa = XCBuildConfiguration;
			buildSettings = {
				ALWAYS_SEARCH_USER_PATHS = NO;
				CLANG_CXX_LANGUAGE_STANDARD = "gnu++0x";
				CLANG_CXX_LIBRARY = "libc++";
				CLANG_ENABLE_MODULES = YES;
				CLANG_ENABLE_OBJC_ARC = YES;
				CLANG_WARN_BOOL_CONVERSION = YES;
				CLANG_WARN_CONSTANT_CONVERSION = YES;
				CLANG_WARN_DIRECT_OBJC_ISA_USAGE = YES_ERROR;
				CLANG_WARN_EMPTY_BODY = YES;
				CLANG_WARN_ENUM_CONVERSION = YES;
				CLANG_WARN_INT_CONVERSION = YES;
				CLANG_WARN_OBJC_ROOT_CLASS = YES_ERROR;
				CLANG_WARN_UNREACHABLE_CODE = YES;
				CLANG_WARN__DUPLICATE_METHOD_MATCH = YES;
				"CODE_SIGN_IDENTITY[sdk=iphoneos*]" = "iPhone Developer";
				COPY_PHASE_STRIP = YES;
				ENABLE_NS_ASSERTIONS = NO;
				ENABLE_STRICT_OBJC_MSGSEND = YES;
				GCC_C_LANGUAGE_STANDARD = gnu99;
				GCC_WARN_64_TO_32_BIT_CONVERSION = YES;
				GCC_WARN_ABOUT_RETURN_TYPE = YES_ERROR;
				GCC_WARN_UNDECLARED_SELECTOR = YES;
				GCC_WARN_UNINITIALIZED_AUTOS = YES_AGGRESSIVE;
				GCC_WARN_UNUSED_FUNCTION = YES;
				GCC_WARN_UNUSED_VARIABLE = YES;
				IPHONEOS_DEPLOYMENT_TARGET = 8.1;
				MTL_ENABLE_DEBUG_INFO = NO;
				SDKROOT = iphoneos;
				VALIDATE_PRODUCT = YES;
			};
			name = Release;
		};
		4A489F571A80D3D000EBDFAB /* Debug */ = {
			isa = XCBuildConfiguration;
			buildSettings = {
				ASSETCATALOG_COMPILER_APPICON_NAME = AppIcon;
				INFOPLIST_FILE = "High-Low/Info.plist";
				LD_RUNPATH_SEARCH_PATHS = "$(inherited) @executable_path/Frameworks";
				PRODUCT_NAME = "$(TARGET_NAME)";
				SWIFT_VERSION = 3.0;
			};
			name = Debug;
		};
		4A489F581A80D3D000EBDFAB /* Release */ = {
			isa = XCBuildConfiguration;
			buildSettings = {
				ASSETCATALOG_COMPILER_APPICON_NAME = AppIcon;
				INFOPLIST_FILE = "High-Low/Info.plist";
				LD_RUNPATH_SEARCH_PATHS = "$(inherited) @executable_path/Frameworks";
				PRODUCT_NAME = "$(TARGET_NAME)";
				SWIFT_VERSION = 3.0;
			};
			name = Release;
		};
		4A489F5A1A80D3D000EBDFAB /* Debug */ = {
			isa = XCBuildConfiguration;
			buildSettings = {
				BUNDLE_LOADER = "$(TEST_HOST)";
				FRAMEWORK_SEARCH_PATHS = (
					"$(SDKROOT)/Developer/Library/Frameworks",
					"$(inherited)",
				);
				GCC_PREPROCESSOR_DEFINITIONS = (
					"DEBUG=1",
					"$(inherited)",
				);
				INFOPLIST_FILE = "High-LowTests/Info.plist";
				LD_RUNPATH_SEARCH_PATHS = "$(inherited) @executable_path/Frameworks @loader_path/Frameworks";
				PRODUCT_NAME = "$(TARGET_NAME)";
				SWIFT_VERSION = 3.0;
				TEST_HOST = "$(BUILT_PRODUCTS_DIR)/High-Low.app/High-Low";
			};
			name = Debug;
		};
		4A489F5B1A80D3D000EBDFAB /* Release */ = {
			isa = XCBuildConfiguration;
			buildSettings = {
				BUNDLE_LOADER = "$(TEST_HOST)";
				FRAMEWORK_SEARCH_PATHS = (
					"$(SDKROOT)/Developer/Library/Frameworks",
					"$(inherited)",
				);
				INFOPLIST_FILE = "High-LowTests/Info.plist";
				LD_RUNPATH_SEARCH_PATHS = "$(inherited) @executable_path/Frameworks @loader_path/Frameworks";
				PRODUCT_NAME = "$(TARGET_NAME)";
				SWIFT_VERSION = 3.0;
				TEST_HOST = "$(BUILT_PRODUCTS_DIR)/High-Low.app/High-Low";
			};
			name = Release;
		};
/* End XCBuildConfiguration section */

/* Begin XCConfigurationList section */
		4A489F321A80D3D000EBDFAB /* Build configuration list for PBXProject "High-Low" */ = {
			isa = XCConfigurationList;
			buildConfigurations = (
				4A489F541A80D3D000EBDFAB /* Debug */,
				4A489F551A80D3D000EBDFAB /* Release */,
			);
			defaultConfigurationIsVisible = 0;
			defaultConfigurationName = Release;
		};
		4A489F561A80D3D000EBDFAB /* Build configuration list for PBXNativeTarget "High-Low" */ = {
			isa = XCConfigurationList;
			buildConfigurations = (
				4A489F571A80D3D000EBDFAB /* Debug */,
				4A489F581A80D3D000EBDFAB /* Release */,
			);
			defaultConfigurationIsVisible = 0;
			defaultConfigurationName = Release;
		};
		4A489F591A80D3D000EBDFAB /* Build configuration list for PBXNativeTarget "High-LowTests" */ = {
			isa = XCConfigurationList;
			buildConfigurations = (
				4A489F5A1A80D3D000EBDFAB /* Debug */,
				4A489F5B1A80D3D000EBDFAB /* Release */,
			);
			defaultConfigurationIsVisible = 0;
			defaultConfigurationName = Release;
		};
/* End XCConfigurationList section */
	};
	rootObject = 4A489F2F1A80D3D000EBDFAB /* Project object */;
}
